{
  "name": "backhauls",
  "lockfileVersion": 1,
  "requires": true,
  "dependencies": {
    "@headlessui/react": {
      "version": "1.7.18",
      "resolved": "https://registry.npmjs.org/@headlessui/react/-/react-1.7.18.tgz",
      "integrity": "sha512-PLACEHOLDER"
    },
    "@heroicons/react": {
      "version": "2.1.3",
      "resolved": "https://registry.npmjs.org/@heroicons/react/-/react-2.1.3.tgz",
      "integrity": "sha512-PLACEHOLDER"
    },
    "@prisma/client": {
      "version": "5.10.2",
      "resolved": "https://registry.npmjs.org/@prisma/client/-/client-5.10.2.tgz",
      "integrity": "sha512-PLACEHOLDER"
    },
    "@radix-ui/react-dialog": {
      "version": "1.0.5",
      "resolved": "https://registry.npmjs.org/@radix-ui/react-dialog/-/react-dialog-1.0.5.tgz",
      "integrity": "sha512-PLACEHOLDER"
    },
    "@radix-ui/react-scroll-area": {
      "version": "1.0.5",
      "resolved": "https://registry.npmjs.org/@radix-ui/react-scroll-area/-/react-scroll-area-1.0.5.tgz",
      "integrity": "sha512-PLACEHOLDER"
    },
    "@radix-ui/react-tooltip": {
      "version": "1.0.7",
      "resolved": "https://registry.npmjs.org/@radix-ui/react-tooltip/-/react-tooltip-1.0.7.tgz",
      "integrity": "sha512-PLACEHOLDER"
    },
    "class-variance-authority": {
      "version": "0.7.0",
      "resolved": "https://registry.npmjs.org/class-variance-authority/-/class-variance-authority-0.7.0.tgz",
      "integrity": "sha512-PLACEHOLDER"
    },
    "clsx": {
      "version": "2.1.0",
      "resolved": "https://registry.npmjs.org/clsx/-/clsx-2.1.0.tgz",
      "integrity": "sha512-PLACEHOLDER"
    },
    "framer-motion": {
      "version": "11.0.17",
      "resolved": "https://registry.npmjs.org/framer-motion/-/framer-motion-11.0.17.tgz",
      "integrity": "sha512-PLACEHOLDER"
    },
    "lucide-react": {
      "version": "0.330.0",
      "resolved": "https://registry.npmjs.org/lucide-react/-/lucide-react-0.330.0.tgz",
      "integrity": "sha512-PLACEHOLDER"
    },
    "next": {
      "version": "14.2.3",
      "resolved": "https://registry.npmjs.org/next/-/next-14.2.3.tgz",
      "integrity": "sha512-PLACEHOLDER"
    },
    "next-themes": {
      "version": "0.2.1",
      "resolved": "https://registry.npmjs.org/next-themes/-/next-themes-0.2.1.tgz",
      "integrity": "sha512-PLACEHOLDER"
    },
    "react": {
      "version": "18.3.1",
      "resolved": "https://registry.npmjs.org/react/-/react-18.3.1.tgz",
      "integrity": "sha512-PLACEHOLDER"
    },
    "react-dom": {
      "version": "18.3.1",
      "resolved": "https://registry.npmjs.org/react-dom/-/react-dom-18.3.1.tgz",
      "integrity": "sha512-PLACEHOLDER"
    },
    "react-hook-form": {
      "version": "7.51.3",
      "resolved": "https://registry.npmjs.org/react-hook-form/-/react-hook-form-7.51.3.tgz",
      "integrity": "sha512-PLACEHOLDER"
    },
    "react-simple-maps": {
      "version": "3.0.0",
      "resolved": "https://registry.npmjs.org/react-simple-maps/-/react-simple-maps-3.0.0.tgz",
      "integrity": "sha512-PLACEHOLDER"
    },
    "react-use": {
      "version": "17.5.1",
      "resolved": "https://registry.npmjs.org/react-use/-/react-use-17.5.1.tgz",
      "integrity": "sha512-PLACEHOLDER"
    },
    "tailwind-merge": {
      "version": "2.2.1",
      "resolved": "https://registry.npmjs.org/tailwind-merge/-/tailwind-merge-2.2.1.tgz",
      "integrity": "sha512-PLACEHOLDER"
    },
    "tailwindcss-animate": {
      "version": "1.0.7",
      "resolved": "https://registry.npmjs.org/tailwindcss-animate/-/tailwindcss-animate-1.0.7.tgz",
      "integrity": "sha512-PLACEHOLDER"
    },
    "zod": {
      "version": "3.23.8",
      "resolved": "https://registry.npmjs.org/zod/-/zod-3.23.8.tgz",
      "integrity": "sha512-PLACEHOLDER"
    },
    "@testing-library/jest-dom": {
      "version": "6.4.2",
      "resolved": "https://registry.npmjs.org/@testing-library/jest-dom/-/jest-dom-6.4.2.tgz",
      "integrity": "sha512-PLACEHOLDER",
      "dev": true
    },
    "@testing-library/react": {
      "version": "14.3.1",
      "resolved": "https://registry.npmjs.org/@testing-library/react/-/react-14.3.1.tgz",
      "integrity": "sha512-PLACEHOLDER",
      "dev": true
    },
    "@testing-library/user-event": {
      "version": "14.5.2",
      "resolved": "https://registry.npmjs.org/@testing-library/user-event/-/user-event-14.5.2.tgz",
      "integrity": "sha512-PLACEHOLDER",
      "dev": true
    },
    "@types/node": {
      "version": "20.12.7",
      "resolved": "https://registry.npmjs.org/@types/node/-/node-20.12.7.tgz",
      "integrity": "sha512-PLACEHOLDER",
      "dev": true
    },
    "@types/react": {
      "version": "18.3.3",
      "resolved": "https://registry.npmjs.org/@types/react/-/react-18.3.3.tgz",
      "integrity": "sha512-PLACEHOLDER",
      "dev": true
    },
    "@types/react-dom": {
      "version": "18.3.0",
      "resolved": "https://registry.npmjs.org/@types/react-dom/-/react-dom-18.3.0.tgz",
      "integrity": "sha512-PLACEHOLDER",
      "dev": true
    },
    "@types/react-simple-maps": {
      "version": "3.0.3",
      "resolved": "https://registry.npmjs.org/@types/react-simple-maps/-/react-simple-maps-3.0.3.tgz",
      "integrity": "sha512-PLACEHOLDER",
      "dev": true
    },
    "autoprefixer": {
      "version": "10.4.17",
      "resolved": "https://registry.npmjs.org/autoprefixer/-/autoprefixer-10.4.17.tgz",
      "integrity": "sha512-PLACEHOLDER",
      "dev": true
    },
    "eslint": {
      "version": "8.57.0",
      "resolved": "https://registry.npmjs.org/eslint/-/eslint-8.57.0.tgz",
      "integrity": "sha512-PLACEHOLDER",
      "dev": true
    },
    "eslint-config-next": {
      "version": "14.2.3",
      "resolved": "https://registry.npmjs.org/eslint-config-next/-/eslint-config-next-14.2.3.tgz",
      "integrity": "sha512-PLACEHOLDER",
      "dev": true
    },
    "jsdom": {
      "version": "24.0.0",
      "resolved": "https://registry.npmjs.org/jsdom/-/jsdom-24.0.0.tgz",
      "integrity": "sha512-PLACEHOLDER",
      "dev": true
    },
    "postcss": {
      "version": "8.4.35",
      "resolved": "https://registry.npmjs.org/postcss/-/postcss-8.4.35.tgz",
      "integrity": "sha512-PLACEHOLDER",
      "dev": true
    },
    "prisma": {
      "version": "5.10.2",
      "resolved": "https://registry.npmjs.org/prisma/-/prisma-5.10.2.tgz",
      "integrity": "sha512-PLACEHOLDER",
      "dev": true
    },
    "tailwindcss": {
      "version": "3.4.3",
      "resolved": "https://registry.npmjs.org/tailwindcss/-/tailwindcss-3.4.3.tgz",
      "integrity": "sha512-PLACEHOLDER",
      "dev": true
    },
    "ts-node": {
      "version": "10.9.2",
      "resolved": "https://registry.npmjs.org/ts-node/-/ts-node-10.9.2.tgz",
      "integrity": "sha512-PLACEHOLDER",
      "dev": true
    },
    "typescript": {
      "version": "5.4.5",
      "resolved": "https://registry.npmjs.org/typescript/-/typescript-5.4.5.tgz",
      "integrity": "sha512-PLACEHOLDER",
      "dev": true
    },
    "vitest": {
      "version": "1.4.0",
      "resolved": "https://registry.npmjs.org/vitest/-/vitest-1.4.0.tgz",
      "integrity": "sha512-PLACEHOLDER",
      "dev": true
    }
  }
}
